
Microsoft Visual Studio Solution File, Format Version 12.00
# Visual Studio Version 16
VisualStudioVersion = 16.0.28803.452
MinimumVisualStudioVersion = 10.0.40219.1
Project("{8BC9CEB8-8B4A-11D0-8D11-00A0C91BC942}") = "Test application", "Test application.vcxproj", "{F1DCDFCC-F54F-4FE3-A15A-A1CABD6C95B6}"
EndProject
Global
	GlobalSection(SolutionConfigurationPlatforms) = preSolution
		Debug|x64 = Debug|x64
		Debug|x86 = Debug|x86
		Release|x64 = Release|x64
		Release|x86 = Release|x86
	EndGlobalSection
	GlobalSection(ProjectConfigurationPlatforms) = postSolution
		{F1DCDFCC-F54F-4FE3-A15A-A1CABD6C95B6}.Debug|x64.ActiveCfg = Debug|x64
		{F1DCDFCC-F54F-4FE3-A15A-A1CABD6C95B6}.Debug|x64.Build.0 = Debug|x64
		{F1DCDFCC-F54F-4FE3-A15A-A1CABD6C95B6}.Debug|x86.ActiveCfg = Debug|Win32
		{F1DCDFCC-F54F-4FE3-A15A-A1CABD6C95B6}.Debug|x86.Build.0 = Debug|Win32
		{F1DCDFCC-F54F-4FE3-A15A-A1CABD6C95B6}.Release|x64.ActiveCfg = Release|x64
		{F1DCDFCC-F54F-4FE3-A15A-A1CABD6C95B6}.Release|x64.Build.0 = Release|x64
		{F1DCDFCC-F54F-4FE3-A15A-A1CABD6C95B6}.Release|x86.ActiveCfg = Release|Win32
		{F1DCDFCC-F54F-4FE3-A15A-A1CABD6C95B6}.Release|x86.Build.0 = Release|Win32
	EndGlobalSection
	GlobalSection(SolutionProperties) = preSolution
		HideSolutionNode = FALSE
	EndGlobalSection
	GlobalSection(ExtensibilityGlobals) = postSolution
		SolutionGuid = {C9E099F3-C3ED-4D2F-AF9A-768D39766957}
	EndGlobalSection
EndGlobal
